<?xml version="1.0" encoding="utf-8"?>
<Project ToolsVersion="4.0" xmlns="http://schemas.microsoft.com/developer/msbuild/2003">
  <ItemGroup>
    <ClCompile Include="test.cpp" />
    <ClCompile Include="pch.cpp" />
    <ClCompile Include="CommandParserTest.cpp">
      <Filter>Control</Filter>
    </ClCompile>
    <ClCompile Include="MemoryDatabaseTest.cpp">
      <Filter>Model</Filter>
    </ClCompile>
    <ClCompile Include="CommandProcessorTest.cpp">
      <Filter>Control</Filter>
    </ClCompile>
    <ClCompile Include="PrinterTest.cpp">
      <Filter>View</Filter>
    </ClCompile>
    <ClCompile Include="SorterTest.cpp">
      <Filter>View</Filter>
    </ClCompile>
    <ClCompile Include="OutputTest.cpp">
      <Filter>View</Filter>
    </ClCompile>
    <ClCompile Include="$(MSBuildThisFileDirectory)..\..\lib\native\src\gtest\gtest-all.cc" />
    <ClCompile Include="$(MSBuildThisFileDirectory)..\..\lib\native\src\gmock\gmock-all.cc" />
  </ItemGroup>
  <ItemGroup>
    <ClInclude Include="pch.h" />
    <ClInclude Include="DatabaseMock.h">
      <Filter>Mock</Filter>
    </ClInclude>
    <ClInclude Include="PrinterMock.h">
      <Filter>Mock</Filter>
    </ClInclude>
  </ItemGroup>
  <ItemGroup>
    <Filter Include="Model">
      <UniqueIdentifier>{67145729-0e7f-461a-8544-914051d0019c}</UniqueIdentifier>
    </Filter>
    <Filter Include="Control">
      <UniqueIdentifier>{50a321d2-7923-4a9d-b6b0-c372a2052319}</UniqueIdentifier>
    </Filter>
    <Filter Include="View">
      <UniqueIdentifier>{5d37c7b9-3434-4aa4-8943-9f9322a59130}</UniqueIdentifier>
    </Filter>
    <Filter Include="Mock">
      <UniqueIdentifier>{a4737951-5af5-445d-b9bd-062b88366514}</UniqueIdentifier>
    </Filter>
  </ItemGroup>
  <ItemGroup>
    <None Include="packages.config" />
  </ItemGroup>
</Project>