<?xml version="1.0" encoding="utf-8"?>
<Project ToolsVersion="4.0" xmlns="http://schemas.microsoft.com/developer/msbuild/2003">
  <ItemGroup>
    <ClCompile Include="CommandProcessor.cpp">
      <Filter>Sources\Control</Filter>
    </ClCompile>
    <ClCompile Include="CommandParser.cpp">
      <Filter>Sources\Control</Filter>
    </ClCompile>
    <ClCompile Include="MemoryDatabase.cpp">
      <Filter>Sources\Model</Filter>
    </ClCompile>
    <ClCompile Include="Printer.cpp">
      <Filter>Sources\View</Filter>
    </ClCompile>
    <ClCompile Include="main.cpp">
      <Filter>Sources</Filter>
    </ClCompile>
  </ItemGroup>
  <ItemGroup>
    <ClInclude Include="CommandParser.h">
      <Filter>Headers</Filter>
    </ClInclude>
    <ClInclude Include="CommandProcessor.h">
      <Filter>Headers</Filter>
    </ClInclude>
    <ClInclude Include="IDatabase.h">
      <Filter>Headers</Filter>
    </ClInclude>
    <ClInclude Include="ControlTypes.h">
      <Filter>Headers</Filter>
    </ClInclude>
    <ClInclude Include="IOutput.h">
      <Filter>Headers</Filter>
    </ClInclude>
    <ClInclude Include="IPrinter.h">
      <Filter>Headers</Filter>
    </ClInclude>
    <ClInclude Include="ISorter.h">
      <Filter>Headers</Filter>
    </ClInclude>
    <ClInclude Include="Printer.h">
      <Filter>Headers</Filter>
    </ClInclude>
    <ClInclude Include="Types.h">
      <Filter>Headers</Filter>
    </ClInclude>
    <ClInclude Include="MemoryDatabase.h">
      <Filter>Headers</Filter>
    </ClInclude>
  </ItemGroup>
  <ItemGroup>
    <Filter Include="Sources">
      <UniqueIdentifier>{a3186ebb-97f1-448d-b9e6-c6a151d20328}</UniqueIdentifier>
    </Filter>
    <Filter Include="Headers">
      <UniqueIdentifier>{5698c0f8-5c98-4002-86cb-e6d9377d6802}</UniqueIdentifier>
    </Filter>
    <Filter Include="Sources\Model">
      <UniqueIdentifier>{fecdc48b-79f0-4597-acf4-aba854fb4519}</UniqueIdentifier>
    </Filter>
    <Filter Include="Sources\View">
      <UniqueIdentifier>{10b71de8-ab3b-4132-86f1-c73ccba60651}</UniqueIdentifier>
    </Filter>
    <Filter Include="Sources\Control">
      <UniqueIdentifier>{d49b41cc-5c78-4362-86f8-9c2013bc1aed}</UniqueIdentifier>
    </Filter>
  </ItemGroup>
</Project>